
Microsoft Visual Studio Solution File, Format Version 12.00
# Visual Studio 15
VisualStudioVersion = 15.0.28307.106
MinimumVisualStudioVersion = 10.0.40219.1
Project("{8BC9CEB8-8B4A-11D0-8D11-00A0C91BC942}") = "ConsoleApplication8", "ConsoleApplication8\ConsoleApplication8.vcxproj", "{EFEE2E6D-77AA-4607-870A-70DDB959A341}"
EndProject
Global
	GlobalSection(SolutionConfigurationPlatforms) = preSolution
		Debug|x64 = Debug|x64
		Debug|x86 = Debug|x86
		Release|x64 = Release|x64
		Release|x86 = Release|x86
	EndGlobalSection
	GlobalSection(ProjectConfigurationPlatforms) = postSolution
		{EFEE2E6D-77AA-4607-870A-70DDB959A341}.Debug|x64.ActiveCfg = Debug|x64
		{EFEE2E6D-77AA-4607-870A-70DDB959A341}.Debug|x64.Build.0 = Debug|x64
		{EFEE2E6D-77AA-4607-870A-70DDB959A341}.Debug|x86.ActiveCfg = Debug|Win32
		{EFEE2E6D-77AA-4607-870A-70DDB959A341}.Debug|x86.Build.0 = Debug|Win32
		{EFEE2E6D-77AA-4607-870A-70DDB959A341}.Release|x64.ActiveCfg = Release|x64
		{EFEE2E6D-77AA-4607-870A-70DDB959A341}.Release|x64.Build.0 = Release|x64
		{EFEE2E6D-77AA-4607-870A-70DDB959A341}.Release|x86.ActiveCfg = Release|Win32
		{EFEE2E6D-77AA-4607-870A-70DDB959A341}.Release|x86.Build.0 = Release|Win32
	EndGlobalSection
	GlobalSection(SolutionProperties) = preSolution
		HideSolutionNode = FALSE
	EndGlobalSection
	GlobalSection(ExtensibilityGlobals) = postSolution
		SolutionGuid = {2A2DFFA0-BA32-471F-81B5-443D7B9EAFEB}
	EndGlobalSection
EndGlobal
